
Microsoft Visual Studio Solution File, Format Version 12.00
# Visual Studio Version 16
VisualStudioVersion = 16.0.30225.117
MinimumVisualStudioVersion = 10.0.40219.1
Project("{9A19103F-16F7-4668-BE54-9A1E7A4F7556}") = "KampaniaAPI", "KampaniaAPI.csproj", "{87816E3C-469F-4DB1-A139-F6B8867FA42B}"
EndProject
Project("{FAE04EC0-301F-11D3-BF4B-00C04F79EFBC}") = "KampaniaTests", "..\KampaniaTests\KampaniaTests.csproj", "{847D039F-34D2-4DD2-805F-0189E118C293}"
EndProject
Global
	GlobalSection(SolutionConfigurationPlatforms) = preSolution
		Debug|Any CPU = Debug|Any CPU
		Release|Any CPU = Release|Any CPU
	EndGlobalSection
	GlobalSection(ProjectConfigurationPlatforms) = postSolution
		{87816E3C-469F-4DB1-A139-F6B8867FA42B}.Debug|Any CPU.ActiveCfg = Debug|Any CPU
		{87816E3C-469F-4DB1-A139-F6B8867FA42B}.Debug|Any CPU.Build.0 = Debug|Any CPU
		{87816E3C-469F-4DB1-A139-F6B8867FA42B}.Release|Any CPU.ActiveCfg = Release|Any CPU
		{87816E3C-469F-4DB1-A139-F6B8867FA42B}.Release|Any CPU.Build.0 = Release|Any CPU
		{847D039F-34D2-4DD2-805F-0189E118C293}.Debug|Any CPU.ActiveCfg = Debug|Any CPU
		{847D039F-34D2-4DD2-805F-0189E118C293}.Debug|Any CPU.Build.0 = Debug|Any CPU
		{847D039F-34D2-4DD2-805F-0189E118C293}.Release|Any CPU.ActiveCfg = Release|Any CPU
		{847D039F-34D2-4DD2-805F-0189E118C293}.Release|Any CPU.Build.0 = Release|Any CPU
	EndGlobalSection
	GlobalSection(SolutionProperties) = preSolution
		HideSolutionNode = FALSE
	EndGlobalSection
	GlobalSection(ExtensibilityGlobals) = postSolution
		SolutionGuid = {47617BC3-9004-4852-9FE7-8A315768BB4C}
	EndGlobalSection
EndGlobal
